
Microsoft Visual Studio Solution File, Format Version 12.00
# Visual Studio Version 16
VisualStudioVersion = 16.0.29306.81
MinimumVisualStudioVersion = 10.0.40219.1
Project("{FAE04EC0-301F-11D3-BF4B-00C04F79EFBC}") = "WeightedRandomSelectionLib", "WeightedRandomSelectionLib/WeightedRandomSelectionLib.csproj", "{92C92BC8-CD67-494D-9BE0-42CAE126711A}"
EndProject
Global
	GlobalSection(SolutionConfigurationPlatforms) = preSolution
		Debug|Any CPU = Debug|Any CPU
		Release|Any CPU = Release|Any CPU
	EndGlobalSection
	GlobalSection(ProjectConfigurationPlatforms) = postSolution
		{92C92BC8-CD67-494D-9BE0-42CAE126711A}.Debug|Any CPU.ActiveCfg = Debug|Any CPU
		{92C92BC8-CD67-494D-9BE0-42CAE126711A}.Debug|Any CPU.Build.0 = Debug|Any CPU
		{92C92BC8-CD67-494D-9BE0-42CAE126711A}.Release|Any CPU.ActiveCfg = Release|Any CPU
		{92C92BC8-CD67-494D-9BE0-42CAE126711A}.Release|Any CPU.Build.0 = Release|Any CPU
	EndGlobalSection
	GlobalSection(SolutionProperties) = preSolution
		HideSolutionNode = FALSE
	EndGlobalSection
	GlobalSection(ExtensibilityGlobals) = postSolution
		SolutionGuid = {2A862D41-C052-4524-845C-E5BAB649157D}
	EndGlobalSection
EndGlobal
